
Microsoft Visual Studio Solution File, Format Version 12.00
# Visual Studio 15
Project("{FAE04EC0-301F-11D3-BF4B-00C04F79EFBC}") = "SimpleScrollSnap", "SimpleScrollSnap.csproj", "{A2E5F2EC-C12D-090B-B09B-51B7325191C9}"
EndProject
Project("{FAE04EC0-301F-11D3-BF4B-00C04F79EFBC}") = "Assembly-CSharp", "Assembly-CSharp.csproj", "{AA4E405E-93BA-A176-C6D8-C32C4977CD9C}"
EndProject
Project("{FAE04EC0-301F-11D3-BF4B-00C04F79EFBC}") = "SimpleInspectorAttributes", "SimpleInspectorAttributes.csproj", "{2EDCC6C4-9D6E-AD30-6F28-1CDA85E18F9C}"
EndProject
Project("{FAE04EC0-301F-11D3-BF4B-00C04F79EFBC}") = "Utilities", "Utilities.csproj", "{9F321E5A-42B8-6876-BE55-46318B6CB1CE}"
EndProject
Project("{FAE04EC0-301F-11D3-BF4B-00C04F79EFBC}") = "SimpleScrollSnapEditor", "SimpleScrollSnapEditor.csproj", "{5C543F53-8C14-DC4E-F08D-81B12A0F2149}"
EndProject
Project("{FAE04EC0-301F-11D3-BF4B-00C04F79EFBC}") = "CopyrightNoticeEditor", "CopyrightNoticeEditor.csproj", "{138EFEFB-B0A0-B7F5-BF5E-67713F0D8C31}"
EndProject
Project("{FAE04EC0-301F-11D3-BF4B-00C04F79EFBC}") = "UtilitiesEditor", "UtilitiesEditor.csproj", "{2153452E-C598-49C4-113A-1D5F09BC1B49}"
EndProject
Project("{FAE04EC0-301F-11D3-BF4B-00C04F79EFBC}") = "SimpleInspectorAttributesEditor", "SimpleInspectorAttributesEditor.csproj", "{B30D4CC4-A3A9-8BF9-642C-9ACE13D105F2}"
EndProject
Project("{FAE04EC0-301F-11D3-BF4B-00C04F79EFBC}") = "SimpleScrollSnap", "SimpleScrollSnap.Player.csproj", "{C6C41AEA-1FD9-90AE-CFC4-2B7013EB03DC}"
EndProject
Project("{FAE04EC0-301F-11D3-BF4B-00C04F79EFBC}") = "Assembly-CSharp", "Assembly-CSharp.Player.csproj", "{825E4737-368B-76F3-9420-E113BF8BF896}"
EndProject
Project("{FAE04EC0-301F-11D3-BF4B-00C04F79EFBC}") = "SimpleInspectorAttributes", "SimpleInspectorAttributes.Player.csproj", "{54BB6913-6B2C-EE6E-6F44-4E5E93779E43}"
EndProject
Project("{FAE04EC0-301F-11D3-BF4B-00C04F79EFBC}") = "Utilities", "Utilities.Player.csproj", "{55EA5F59-0FDC-5393-26AF-E75F8A73C754}"
EndProject
Global
	GlobalSection(SolutionConfigurationPlatforms) = preSolution
		Debug|Any CPU = Debug|Any CPU
		Release|Any CPU = Release|Any CPU
	EndGlobalSection
	GlobalSection(ProjectConfigurationPlatforms) = postSolution
		{A2E5F2EC-C12D-090B-B09B-51B7325191C9}.Debug|Any CPU.ActiveCfg = Debug|Any CPU
		{A2E5F2EC-C12D-090B-B09B-51B7325191C9}.Debug|Any CPU.Build.0 = Debug|Any CPU
		{A2E5F2EC-C12D-090B-B09B-51B7325191C9}.Release|Any CPU.ActiveCfg = Release|Any CPU
		{A2E5F2EC-C12D-090B-B09B-51B7325191C9}.Release|Any CPU.Build.0 = Release|Any CPU
		{AA4E405E-93BA-A176-C6D8-C32C4977CD9C}.Debug|Any CPU.ActiveCfg = Debug|Any CPU
		{AA4E405E-93BA-A176-C6D8-C32C4977CD9C}.Debug|Any CPU.Build.0 = Debug|Any CPU
		{AA4E405E-93BA-A176-C6D8-C32C4977CD9C}.Release|Any CPU.ActiveCfg = Release|Any CPU
		{AA4E405E-93BA-A176-C6D8-C32C4977CD9C}.Release|Any CPU.Build.0 = Release|Any CPU
		{2EDCC6C4-9D6E-AD30-6F28-1CDA85E18F9C}.Debug|Any CPU.ActiveCfg = Debug|Any CPU
		{2EDCC6C4-9D6E-AD30-6F28-1CDA85E18F9C}.Debug|Any CPU.Build.0 = Debug|Any CPU
		{2EDCC6C4-9D6E-AD30-6F28-1CDA85E18F9C}.Release|Any CPU.ActiveCfg = Release|Any CPU
		{2EDCC6C4-9D6E-AD30-6F28-1CDA85E18F9C}.Release|Any CPU.Build.0 = Release|Any CPU
		{9F321E5A-42B8-6876-BE55-46318B6CB1CE}.Debug|Any CPU.ActiveCfg = Debug|Any CPU
		{9F321E5A-42B8-6876-BE55-46318B6CB1CE}.Debug|Any CPU.Build.0 = Debug|Any CPU
		{9F321E5A-42B8-6876-BE55-46318B6CB1CE}.Release|Any CPU.ActiveCfg = Release|Any CPU
		{9F321E5A-42B8-6876-BE55-46318B6CB1CE}.Release|Any CPU.Build.0 = Release|Any CPU
		{5C543F53-8C14-DC4E-F08D-81B12A0F2149}.Debug|Any CPU.ActiveCfg = Debug|Any CPU
		{5C543F53-8C14-DC4E-F08D-81B12A0F2149}.Debug|Any CPU.Build.0 = Debug|Any CPU
		{5C543F53-8C14-DC4E-F08D-81B12A0F2149}.Release|Any CPU.ActiveCfg = Release|Any CPU
		{5C543F53-8C14-DC4E-F08D-81B12A0F2149}.Release|Any CPU.Build.0 = Release|Any CPU
		{138EFEFB-B0A0-B7F5-BF5E-67713F0D8C31}.Debug|Any CPU.ActiveCfg = Debug|Any CPU
		{138EFEFB-B0A0-B7F5-BF5E-67713F0D8C31}.Debug|Any CPU.Build.0 = Debug|Any CPU
		{138EFEFB-B0A0-B7F5-BF5E-67713F0D8C31}.Release|Any CPU.ActiveCfg = Release|Any CPU
		{138EFEFB-B0A0-B7F5-BF5E-67713F0D8C31}.Release|Any CPU.Build.0 = Release|Any CPU
		{2153452E-C598-49C4-113A-1D5F09BC1B49}.Debug|Any CPU.ActiveCfg = Debug|Any CPU
		{2153452E-C598-49C4-113A-1D5F09BC1B49}.Debug|Any CPU.Build.0 = Debug|Any CPU
		{2153452E-C598-49C4-113A-1D5F09BC1B49}.Release|Any CPU.ActiveCfg = Release|Any CPU
		{2153452E-C598-49C4-113A-1D5F09BC1B49}.Release|Any CPU.Build.0 = Release|Any CPU
		{B30D4CC4-A3A9-8BF9-642C-9ACE13D105F2}.Debug|Any CPU.ActiveCfg = Debug|Any CPU
		{B30D4CC4-A3A9-8BF9-642C-9ACE13D105F2}.Debug|Any CPU.Build.0 = Debug|Any CPU
		{B30D4CC4-A3A9-8BF9-642C-9ACE13D105F2}.Release|Any CPU.ActiveCfg = Release|Any CPU
		{B30D4CC4-A3A9-8BF9-642C-9ACE13D105F2}.Release|Any CPU.Build.0 = Release|Any CPU
		{C6C41AEA-1FD9-90AE-CFC4-2B7013EB03DC}.Debug|Any CPU.ActiveCfg = Debug|Any CPU
		{C6C41AEA-1FD9-90AE-CFC4-2B7013EB03DC}.Debug|Any CPU.Build.0 = Debug|Any CPU
		{C6C41AEA-1FD9-90AE-CFC4-2B7013EB03DC}.Release|Any CPU.ActiveCfg = Release|Any CPU
		{C6C41AEA-1FD9-90AE-CFC4-2B7013EB03DC}.Release|Any CPU.Build.0 = Release|Any CPU
		{825E4737-368B-76F3-9420-E113BF8BF896}.Debug|Any CPU.ActiveCfg = Debug|Any CPU
		{825E4737-368B-76F3-9420-E113BF8BF896}.Debug|Any CPU.Build.0 = Debug|Any CPU
		{825E4737-368B-76F3-9420-E113BF8BF896}.Release|Any CPU.ActiveCfg = Release|Any CPU
		{825E4737-368B-76F3-9420-E113BF8BF896}.Release|Any CPU.Build.0 = Release|Any CPU
		{54BB6913-6B2C-EE6E-6F44-4E5E93779E43}.Debug|Any CPU.ActiveCfg = Debug|Any CPU
		{54BB6913-6B2C-EE6E-6F44-4E5E93779E43}.Debug|Any CPU.Build.0 = Debug|Any CPU
		{54BB6913-6B2C-EE6E-6F44-4E5E93779E43}.Release|Any CPU.ActiveCfg = Release|Any CPU
		{54BB6913-6B2C-EE6E-6F44-4E5E93779E43}.Release|Any CPU.Build.0 = Release|Any CPU
		{55EA5F59-0FDC-5393-26AF-E75F8A73C754}.Debug|Any CPU.ActiveCfg = Debug|Any CPU
		{55EA5F59-0FDC-5393-26AF-E75F8A73C754}.Debug|Any CPU.Build.0 = Debug|Any CPU
		{55EA5F59-0FDC-5393-26AF-E75F8A73C754}.Release|Any CPU.ActiveCfg = Release|Any CPU
		{55EA5F59-0FDC-5393-26AF-E75F8A73C754}.Release|Any CPU.Build.0 = Release|Any CPU
	EndGlobalSection
	GlobalSection(SolutionProperties) = preSolution
		HideSolutionNode = FALSE
	EndGlobalSection
EndGlobal
